hash: bd27bc9853166b38246eca2331bfc95e8d2bfdbef89042388f6e452c4630d5bb
updated: 2018-07-25T12:43:34.469527079+01:00
imports:
- name: code.cloudfoundry.org/bytefmt
  version: b31f603f5e1e047fdb38584e1a922dcc5c4de5c8
- name: github.com/alexflint/go-filemutex
  version: d358565f3c3f5334209f1e80693e4f621650c489
- name: github.com/BurntSushi/toml
  version: a368813c5e648fee92e5f6c30e3944ff9d5e8895
- name: github.com/carbocation/runningvariance
  version: fdcce8a03b6b0a7738fb52457381c120426e0fc3
- name: github.com/coreos/bbolt
  version: 48ea1b39c25fc1bab3506fbc712ecbaa842c4d2d
- name: github.com/dgryski/go-farm
  version: 2de33835d10275975374b37b2dcfd22c9020a1f5
- name: github.com/docker/distribution
  version: 0dae0957e5fe3156c265d22bef4cba9efbf388e2
  subpackages:
  - digestset
  - reference
- name: github.com/docker/docker
  version: 1ef1cc8388165b2b848f9b3f53ec91c87de09f63
  subpackages:
  - api
  - api/types
  - api/types/blkiodev
  - api/types/container
  - api/types/events
  - api/types/filters
  - api/types/image
  - api/types/mount
  - api/types/network
  - api/types/registry
  - api/types/strslice
  - api/types/swarm
  - api/types/swarm/runtime
  - api/types/time
  - api/types/versions
  - api/types/volume
  - client
  - errdefs
- name: github.com/docker/go-connections
  version: 7395e3f8aa162843a74ed6d48e79627d9792ac55
  subpackages:
  - nat
  - sockets
  - tlsconfig
- name: github.com/docker/go-units
  version: 47565b4f722fb6ceae66b95f853feed578a4a51c
- name: github.com/fanatic/go-infoblox
  version: 4b43bbde57d7ea2b01640d7e8a5f8f6861ade3ed
- name: github.com/fatih/color
  version: 5b77d2a35fb0ede96d138fc9a99f5c9b6aef11b4
- name: github.com/go-ini/ini
  version: d58d458bec3cb5adec4b7ddb41131855eac0b33f
- name: github.com/go-ole/go-ole
  version: 7a0fa49edf48165190530c675167e2f319a05268
  subpackages:
  - oleutil
- name: github.com/go-stack/stack
  version: 259ab82a6cad3992b4e21ff5cac294ccb06474bc
- name: github.com/gofrs/uuid
  version: 3a54a6416087bae7aa0ac32dd79fe1bf87bc99e4
- name: github.com/gogo/protobuf
  version: 636bf0302bc95575d69441b25a2603156ffdddf1
  subpackages:
  - proto
- name: github.com/gophercloud/gophercloud
  version: 46e00f63eeda0660d8a47cbfd5592a4d5dbf47b8
  repo: https://github.com/sb10/gophercloud.git
  subpackages:
  - openstack
  - openstack/compute/v2/extensions/bootfromvolume
  - openstack/compute/v2/extensions/floatingips
  - openstack/compute/v2/extensions/keypairs
  - openstack/compute/v2/extensions/quotasets
  - openstack/compute/v2/extensions/secgroups
  - openstack/compute/v2/flavors
  - openstack/compute/v2/images
  - openstack/compute/v2/servers
  - openstack/identity/v2/tenants
  - openstack/identity/v2/tokens
  - openstack/identity/v3/tokens
  - openstack/networking/v2/extensions/layer3/routers
  - openstack/networking/v2/networks
  - openstack/networking/v2/subnets
  - openstack/utils
  - pagination
- name: github.com/gorilla/websocket
  version: 5ed622c449da6d44c3c8329331ff47a9e5844f71
- name: github.com/grafov/bcast
  version: e9affb593f6c871f9b4c3ee6a3c77d421fe953df
- name: github.com/hanwen/go-fuse
  version: dd5622fc9527728856acf081b4d8af9514cb624f
  subpackages:
  - fuse
  - fuse/nodefs
  - fuse/pathfs
  - internal/utimens
  - splice
- name: github.com/hashicorp/errwrap
  version: d6c0cd88035724dd42e0f335ae30161c20575ecc
- name: github.com/hashicorp/go-multierror
  version: 3d5d8f294aa03d8e98859feac328afbdf1ae0703
- name: github.com/hashicorp/golang-lru
  version: 0fb14efe8c47ae851c0034ed7a448854d3d34cf3
  subpackages:
  - simplelru
- name: github.com/inconshreveable/log15
  version: 0decfc6c20d9ca0ad143b0e89dcaa20f810b4fb3
  subpackages:
  - ext
- name: github.com/inconshreveable/mousetrap
  version: 76626ae9c91c4f2a10f34cad8ce83ea42c93bb75
- name: github.com/jinzhu/configor
  version: 4edaf76fe18865e36de734d887f4c01bd05707af
- name: github.com/jpillora/backoff
  version: 8eab2debe79d12b7bd3d10653910df25fa9552ba
- name: github.com/kardianos/osext
  version: ae77be60afb1dcacde03767a8c37337fad28ac14
- name: github.com/kr/fs
  version: 1455def202f6e05b95cc7bfc7e8ae67ae5141eba
- name: github.com/mattn/go-colorable
  version: efa589957cd060542a26d2dd7832fd6a6c6c3ade
- name: github.com/mattn/go-isatty
  version: 6ca4dbf54d38eea1a992b3c722a76a5d1c4cb25c
- name: github.com/Microsoft/go-winio
  version: a6d595ae73cf27a1b8fc32930668708f45ce1c85
- name: github.com/minio/minio-go
  version: 65a050d5e7529510820db4eb5f2a67269be8d128
  subpackages:
  - pkg/credentials
  - pkg/encrypt
  - pkg/s3signer
  - pkg/s3utils
  - pkg/set
- name: github.com/mitchellh/go-homedir
  version: 3864e76763d94a6df2f9960b16a20a33da9f9a66
- name: github.com/opencontainers/go-digest
  version: c9281466c8b2f606084ac71339773efd177436e7
- name: github.com/opencontainers/image-spec
  version: e562b04403929d582d449ae5386ff79dd7961a11
  subpackages:
  - specs-go
  - specs-go/v1
- name: github.com/pkg/errors
  version: 816c9085562cd7ee03e7f8188a1cfd942858cded
- name: github.com/pkg/sftp
  version: 57673e38ea946592a59c26592b7e6fbda646975b
- name: github.com/ricochet2200/go-disk-usage
  version: f0d1b743428fc09792f93233d9412f89f88fa2ab
  subpackages:
  - du
- name: github.com/sb10/l15h
  version: 64c488bf8e2265529e37899226b038221f12e2e9
- name: github.com/sevlyar/go-daemon
  version: 01bb5caedcc4ad839213b4ff96c363f6fab40adb
- name: github.com/shirou/gopsutil
  version: d9d9688f3d20a6b7942c5222607c29b32b69d15e
  subpackages:
  - cpu
  - host
  - internal/common
  - mem
  - net
  - process
- name: github.com/shirou/w32
  version: bb4de0191aa41b5507caa14b0650cdbddcd9280b
- name: github.com/spf13/cobra
  version: 7c4570c3ebeb8129a1f7456d0908a8b676b6f9f1
- name: github.com/spf13/pflag
  version: 3ebe029320b2676d667ae88da602a5f854788a8a
- name: github.com/StackExchange/wmi
  version: b12b22c5341f0c26d88c4d66176330500e84db68
- name: github.com/ugorji/go
  version: 2e1067cd04ec91c6fdf491ac8028c9d3aea73ab4
  subpackages:
  - codec
- name: github.com/VertebrateResequencing/muxfys
  version: 5520e971c0e52a59ae39d1236047e9ee8d754452
- name: github.com/VividCortex/ewma
  version: 43880d236f695d39c62cf7aa4ebd4508c258e6c0
- name: golang.org/x/crypto
  version: c126467f60eb25f8f27e5a981f32a87e3965053f
  subpackages:
  - argon2
  - blake2b
  - curve25519
  - ed25519
  - ed25519/internal/edwards25519
  - internal/chacha20
  - internal/subtle
  - poly1305
  - ssh
- name: golang.org/x/net
  version: 3673e40ba22529d22c3fd7c93e97b0ce50fa7bdd
  subpackages:
  - context
  - context/ctxhttp
  - http/httpguts
  - idna
  - internal/socks
  - proxy
  - publicsuffix
- name: golang.org/x/sys
  version: e072cadbbdc8dd3d3ffa82b8b4b9304c261d9311
  subpackages:
  - cpu
  - unix
  - windows
- name: golang.org/x/text
  version: 0605a8320aceb4207a5fb3521281e17ec2075476
  subpackages:
  - secure/bidirule
  - transform
  - unicode/bidi
  - unicode/norm
- name: gopkg.in/yaml.v2
  version: 5420a8b6744d3b0345ab293f6fcba19c978f1183
- name: nanomsg.org/go-mangos
  version: f92b2768380bf615982d8b45772ca8a81063a473
  subpackages:
  - protocol/rep
  - protocol/req
  - transport/tcp
  - transport/tlstcp
testImports:
- name: github.com/gopherjs/gopherjs
  version: 0892b62f0d9fb5857760c3cfca837207185117ee
  subpackages:
  - js
- name: github.com/jtolds/gls
  version: 77f18212c9c7edc9bd6a33d383a7b545ce62f064
- name: github.com/smartystreets/assertions
  version: eb5b59917fa21f01252cee37e84631c7fb502d82
  subpackages:
  - internal/go-render/render
  - internal/oglematchers
- name: github.com/smartystreets/goconvey
  version: ef6db91d284a0e7badaa1f0c404c30aa7dee3aed
  subpackages:
  - convey
  - convey/gotest
  - convey/reporting
