hash: d24970895baf6afba8742d50169a04ba9eb198b8bac51bff30a5c2843e274b18
updated: 2017-11-13T13:51:09.707403953Z
imports:
- name: code.cloudfoundry.org/bytefmt
  version: f4415fafc5619dd75599a54a7c91fb3948ad58bd
- name: github.com/alexflint/go-filemutex
  version: d358565f3c3f5334209f1e80693e4f621650c489
- name: github.com/boltdb/bolt
  version: fa5367d20c994db73282594be0146ab221657943
- name: github.com/BurntSushi/toml
  version: a368813c5e648fee92e5f6c30e3944ff9d5e8895
- name: github.com/dgryski/go-farm
  version: e2d0fe22b456fa0a35cd883ba355ecfcf1881490
- name: github.com/go-ini/ini
  version: f280b3ba517bf5fc98922624f21fb0e7a92adaec
- name: github.com/go-mangos/mangos
  version: e3181ec4a2a556d80619da0f841e35c2007733af
  subpackages:
  - protocol/rep
  - protocol/req
  - transport/tcp
- name: github.com/go-ole/go-ole
  version: a41e3c4b706f6ae8dfbff342b06e40fa4d2d0506
  subpackages:
  - oleutil
- name: github.com/go-stack/stack
  version: 259ab82a6cad3992b4e21ff5cac294ccb06474bc
- name: github.com/gophercloud/gophercloud
  version: edfa528769ba051f620dd4e90f983e706eaa34aa
  repo: https://github.com/sb10/gophercloud.git
  subpackages:
  - openstack
  - openstack/compute/v2/extensions/bootfromvolume
  - openstack/compute/v2/extensions/floatingips
  - openstack/compute/v2/extensions/keypairs
  - openstack/compute/v2/extensions/quotasets
  - openstack/compute/v2/extensions/secgroups
  - openstack/compute/v2/flavors
  - openstack/compute/v2/images
  - openstack/compute/v2/servers
  - openstack/identity/v2/tenants
  - openstack/identity/v2/tokens
  - openstack/identity/v3/tokens
  - openstack/networking/v2/extensions/layer3/routers
  - openstack/networking/v2/networks
  - openstack/networking/v2/subnets
  - openstack/utils
  - pagination
- name: github.com/gorilla/websocket
  version: 7ca4275b84a9d500f68971c8c4a97f0ec18eb889
- name: github.com/grafov/bcast
  version: e9affb593f6c871f9b4c3ee6a3c77d421fe953df
- name: github.com/hanwen/go-fuse
  version: 66de2f17d31b22d3ea58fd1587619ab2eda87b79
  subpackages:
  - fuse
  - fuse/nodefs
  - fuse/pathfs
  - splice
- name: github.com/hashicorp/golang-lru
  version: 0a025b7e63adc15a622f29b0b2c4c3848243bbf6
  subpackages:
  - simplelru
- name: github.com/inconshreveable/log15
  version: 0decfc6c20d9ca0ad143b0e89dcaa20f810b4fb3
- name: github.com/inconshreveable/mousetrap
  version: 76626ae9c91c4f2a10f34cad8ce83ea42c93bb75
- name: github.com/jinzhu/configor
  version: 6ecfe629230f24c2e92c7894c6ab21b83b757a39
- name: github.com/jpillora/backoff
  version: 8eab2debe79d12b7bd3d10653910df25fa9552ba
- name: github.com/kardianos/osext
  version: ae77be60afb1dcacde03767a8c37337fad28ac14
- name: github.com/kr/fs
  version: 2788f0dbd16903de03cb8186e5c7d97b69ad387b
- name: github.com/mattn/go-colorable
  version: 6fcc0c1fd9b620311d821b106a400b35dc95c497
- name: github.com/mattn/go-isatty
  version: 6ca4dbf54d38eea1a992b3c722a76a5d1c4cb25c
- name: github.com/minio/go-homedir
  version: 21304a94172ae3a09dee2cd86a12fb6f842138c7
- name: github.com/minio/minio-go
  version: 2ea6b5ef9f7a55e1019342a24f0367d093d6006c
  subpackages:
  - pkg/credentials
  - pkg/encrypt
  - pkg/policy
  - pkg/s3signer
  - pkg/s3utils
  - pkg/set
- name: github.com/mitchellh/go-homedir
  version: b8bc1bf767474819792c23f32d8286a45736f1c6
- name: github.com/pkg/errors
  version: f15c970de5b76fac0b59abb32d62c17cc7bed265
- name: github.com/pkg/sftp
  version: f6ec992e480925807f691a585c4c36841357ef89
- name: github.com/ricochet2200/go-disk-usage
  version: f0d1b743428fc09792f93233d9412f89f88fa2ab
  subpackages:
  - du
- name: github.com/satori/go.uuid
  version: 5bf94b69c6b68ee1b541973bb8e1144db23a194b
- name: github.com/sb10/l15h
  version: 64c488bf8e2265529e37899226b038221f12e2e9
- name: github.com/sevlyar/go-daemon
  version: 01bb5caedcc4ad839213b4ff96c363f6fab40adb
- name: github.com/shirou/gopsutil
  version: 234b6bc9b8fb4ecdf063e85e8cd84ee68f8a43dc
  subpackages:
  - cpu
  - host
  - internal/common
  - mem
  - net
  - process
- name: github.com/shirou/w32
  version: bb4de0191aa41b5507caa14b0650cdbddcd9280b
- name: github.com/spf13/cobra
  version: 2da4a54c5ceefcee7ca5dd0eea1e18a3b6366489
- name: github.com/spf13/pflag
  version: 4c012f6dcd9546820e378d0bdda4d8fc772cdfea
- name: github.com/StackExchange/wmi
  version: ea383cf3ba6ec950874b8486cd72356d007c768f
- name: github.com/ugorji/go
  version: dd3aa7221b0c7a61c3ea1a0a252d06efa5161e3f
  subpackages:
  - codec
- name: github.com/VertebrateResequencing/muxfys
  version: 38dc6daddf685df38a5e3e040889598d9c2bb261
- name: github.com/VividCortex/ewma
  version: 43880d236f695d39c62cf7aa4ebd4508c258e6c0
- name: golang.org/x/crypto
  version: 6a293f2d4b14b8e6d3f0539e383f6d0d30fce3fd
  subpackages:
  - curve25519
  - ed25519
  - ed25519/internal/edwards25519
  - ssh
- name: golang.org/x/sys
  version: 1e2299c37cc91a509f1b12369872d27be0ce98a6
  subpackages:
  - unix
  - windows
- name: gopkg.in/yaml.v2
  version: eb3733d160e74a9c7e442f435eb3bea458e1d19f
testImports:
- name: github.com/gopherjs/gopherjs
  version: 444abdf920945de5d4a977b572bcc6c674d1e4eb
  subpackages:
  - js
- name: github.com/jtolds/gls
  version: 77f18212c9c7edc9bd6a33d383a7b545ce62f064
- name: github.com/smartystreets/assertions
  version: 0b37b35ec7434b77e77a4bb29b79677cced992ea
  subpackages:
  - internal/go-render/render
  - internal/oglematchers
- name: github.com/smartystreets/goconvey
  version: e5b2b7c9111590d019a696c7800593f666e1a7f4
  subpackages:
  - convey
  - convey/gotest
  - convey/reporting
